Microsoft Visual Studio Solution File, Format Version 9.00
# Visual Studio 2005
Project("{FAE04EC0-301F-11D3-BF4B-00C04F79EFBC}") = "Solution1.Module", "Solution1.Module\Solution1.Module.csproj", "{D0DB8F12-A667-4F92-A98A-54E66CD7B6A4}"
	ProjectSection(WebsiteProperties) = preProject
		Debug.AspNetCompiler.Debug = "True"
		Release.AspNetCompiler.Debug = "False"
	EndProjectSection
EndProject
Project("{FAE04EC0-301F-11D3-BF4B-00C04F79EFBC}") = "Solution1.Module.Win", "Solution1.Module.Win\Solution1.Module.Win.csproj", "{36360482-774B-4B11-85F1-A2797FE67CAD}"
	ProjectSection(WebsiteProperties) = preProject
		Debug.AspNetCompiler.Debug = "True"
		Release.AspNetCompiler.Debug = "False"
	EndProjectSection
EndProject
Project("{FAE04EC0-301F-11D3-BF4B-00C04F79EFBC}") = "Solution1.Win", "Solution1.Win\Solution1.Win.csproj", "{526BE9DA-63DE-4015-B10E-713E67D86E5E}"
	ProjectSection(WebsiteProperties) = preProject
		Debug.AspNetCompiler.Debug = "True"
		Release.AspNetCompiler.Debug = "False"
	EndProjectSection
EndProject
Global
	GlobalSection(SolutionConfigurationPlatforms) = preSolution
		Debug|Any CPU = Debug|Any CPU
		Release|Any CPU = Release|Any CPU
	EndGlobalSection
	GlobalSection(ProjectConfigurationPlatforms) = postSolution
		{D0DB8F12-A667-4F92-A98A-54E66CD7B6A4}.Debug|Any CPU.ActiveCfg = Debug|Any CPU
		{D0DB8F12-A667-4F92-A98A-54E66CD7B6A4}.Debug|Any CPU.Build.0 = Debug|Any CPU
		{D0DB8F12-A667-4F92-A98A-54E66CD7B6A4}.Release|Any CPU.ActiveCfg = Release|Any CPU
		{D0DB8F12-A667-4F92-A98A-54E66CD7B6A4}.Release|Any CPU.Build.0 = Release|Any CPU
		{36360482-774B-4B11-85F1-A2797FE67CAD}.Debug|Any CPU.ActiveCfg = Debug|Any CPU
		{36360482-774B-4B11-85F1-A2797FE67CAD}.Debug|Any CPU.Build.0 = Debug|Any CPU
		{36360482-774B-4B11-85F1-A2797FE67CAD}.Release|Any CPU.ActiveCfg = Release|Any CPU
		{36360482-774B-4B11-85F1-A2797FE67CAD}.Release|Any CPU.Build.0 = Release|Any CPU
		{526BE9DA-63DE-4015-B10E-713E67D86E5E}.Debug|Any CPU.ActiveCfg = Debug|Any CPU
		{526BE9DA-63DE-4015-B10E-713E67D86E5E}.Debug|Any CPU.Build.0 = Debug|Any CPU
		{526BE9DA-63DE-4015-B10E-713E67D86E5E}.Release|Any CPU.ActiveCfg = Release|Any CPU
		{526BE9DA-63DE-4015-B10E-713E67D86E5E}.Release|Any CPU.Build.0 = Release|Any CPU
	EndGlobalSection
	GlobalSection(SolutionProperties) = preSolution
		HideSolutionNode = FALSE
	EndGlobalSection
EndGlobal
